
Microsoft Visual Studio Solution File, Format Version 12.00
# Visual Studio Version 17
VisualStudioVersion = 17.6.33829.357
MinimumVisualStudioVersion = 10.0.40219.1
Project("{FAE04EC0-301F-11D3-BF4B-00C04F79EFBC}") = "RandomPasswordTestSolution", "RandomPasswordTestSolution\RandomPasswordTestSolution.csproj", "{5D307A95-E50C-4CC9-83DA-59340F98E181}"
	ProjectSection(ProjectDependencies) = postProject
		{1C07BC83-7361-4977-AA5D-2C64194F705D} = {1C07BC83-7361-4977-AA5D-2C64194F705D}
	EndProjectSection
EndProject
Project("{FAE04EC0-301F-11D3-BF4B-00C04F79EFBC}") = "RandomPasswordTestProject", "RandomPasswordTestProject\RandomPasswordTestProject.csproj", "{1C07BC83-7361-4977-AA5D-2C64194F705D}"
EndProject
Global
	GlobalSection(SolutionConfigurationPlatforms) = preSolution
		Debug|Any CPU = Debug|Any CPU
		Release|Any CPU = Release|Any CPU
	EndGlobalSection
	GlobalSection(ProjectConfigurationPlatforms) = postSolution
		{5D307A95-E50C-4CC9-83DA-59340F98E181}.Debug|Any CPU.ActiveCfg = Debug|Any CPU
		{5D307A95-E50C-4CC9-83DA-59340F98E181}.Debug|Any CPU.Build.0 = Debug|Any CPU
		{5D307A95-E50C-4CC9-83DA-59340F98E181}.Release|Any CPU.ActiveCfg = Release|Any CPU
		{5D307A95-E50C-4CC9-83DA-59340F98E181}.Release|Any CPU.Build.0 = Release|Any CPU
		{1C07BC83-7361-4977-AA5D-2C64194F705D}.Debug|Any CPU.ActiveCfg = Debug|Any CPU
		{1C07BC83-7361-4977-AA5D-2C64194F705D}.Debug|Any CPU.Build.0 = Debug|Any CPU
		{1C07BC83-7361-4977-AA5D-2C64194F705D}.Release|Any CPU.ActiveCfg = Release|Any CPU
		{1C07BC83-7361-4977-AA5D-2C64194F705D}.Release|Any CPU.Build.0 = Release|Any CPU
	EndGlobalSection
	GlobalSection(SolutionProperties) = preSolution
		HideSolutionNode = FALSE
	EndGlobalSection
	GlobalSection(ExtensibilityGlobals) = postSolution
		SolutionGuid = {A7F9C96A-390B-46FE-BEDC-7A2450CA287C}
	EndGlobalSection
EndGlobal
